{
    "name": "mexflix",
    "version": "1.0.0",
    "lockfileVersion": 2,
    "requires": true,
    "packages": {
        "": {
            "name": "mexflix",
            "version": "1.0.0",
            "license": "MIT",
            "dependencies": {
                "markdown-table": "^3.0.1"
            }
        },
        "node_modules/markdown-table": {
            "version": "3.0.1",
            "resolved": "https://registry.npmjs.org/markdown-table/-/markdown-table-3.0.1.tgz",
            "integrity": "sha512-CBbaYXKSGnE1uLRpKA1SWgIRb2PQrpkllNWpZtZe6VojOJ4ysqiq7/2glYcmKsOYN09QgH/HEBX5hIshAeiK6A==",
            "funding": {
                "type": "github",
                "url": "https://github.com/sponsors/wooorm"
            }
        }
    },
    "dependencies": {
        "markdown-table": {
            "version": "3.0.1",
            "resolved": "https://registry.npmjs.org/markdown-table/-/markdown-table-3.0.1.tgz",
            "integrity": "sha512-CBbaYXKSGnE1uLRpKA1SWgIRb2PQrpkllNWpZtZe6VojOJ4ysqiq7/2glYcmKsOYN09QgH/HEBX5hIshAeiK6A=="
        }
    }
}
